// !$*UTF8*$!
{
	archiveVersion = 1;
	classes = {
	};
	objectVersion = 46;
	objects = {

/* Begin PBXBuildFile section */
		470978B3201F209D006AE1E7 /* KCLog.swift in Sources */ = {isa = PBXBuildFile; fileRef = 470978B1201F209D006AE1E7 /* KCLog.swift */; };
		470978B5201F254C006AE1E7 /* KCLogView.swift in Sources */ = {isa = PBXBuildFile; fileRef = 470978B4201F254C006AE1E7 /* KCLogView.swift */; };
		476347B21F42F06700F041C1 /* KCBlockTableView.swift in Sources */ = {isa = PBXBuildFile; fileRef = 476347B11F42F06700F041C1 /* KCBlockTableView.swift */; };
		476347B71F42F0FC00F041C1 /* KCBlockViewController.swift in Sources */ = {isa = PBXBuildFile; fileRef = 476347B61F42F0FC00F041C1 /* KCBlockViewController.swift */; };
		476347B91F42F10400F041C1 /* KCBlockWebViewController.swift in Sources */ = {isa = PBXBuildFile; fileRef = 476347B81F42F10400F041C1 /* KCBlockWebViewController.swift */; };
		476347BC1F42F12900F041C1 /* UIViewController_NavAddtion.swift in Sources */ = {isa = PBXBuildFile; fileRef = 476347BB1F42F12900F041C1 /* UIViewController_NavAddtion.swift */; };
		476347BE1F42F15A00F041C1 /* UIView_Addtion.swift in Sources */ = {isa = PBXBuildFile; fileRef = 476347BD1F42F15A00F041C1 /* UIView_Addtion.swift */; };
		476347C01F42F1A300F041C1 /* KCBlockTableView_Extension.swift in Sources */ = {isa = PBXBuildFile; fileRef = 476347BF1F42F1A300F041C1 /* KCBlockTableView_Extension.swift */; };
		476A14A72011F0DB008E4122 /* KCTextViewController.swift in Sources */ = {isa = PBXBuildFile; fileRef = 476A14A62011F0DB008E4122 /* KCTextViewController.swift */; };
		4789B3131F42EFED00B12452 /* KCBlockUIKit.framework in Frameworks */ = {isa = PBXBuildFile; fileRef = 4789B3091F42EFED00B12452 /* KCBlockUIKit.framework */; };
		4789B31A1F42EFED00B12452 /* KCBlockUIKit.h in Headers */ = {isa = PBXBuildFile; fileRef = 4789B30C1F42EFED00B12452 /* KCBlockUIKit.h */; settings = {ATTRIBUTES = (Public, ); }; };
		4799688E1FD696E200DD3C3A /* RxBlocking.framework in Frameworks */ = {isa = PBXBuildFile; fileRef = 4799688D1FD696E200DD3C3A /* RxBlocking.framework */; };
		479968901FD696E600DD3C3A /* RxCocoa.framework in Frameworks */ = {isa = PBXBuildFile; fileRef = 4799688F1FD696E600DD3C3A /* RxCocoa.framework */; };
		479968921FD696E900DD3C3A /* RxSwift.framework in Frameworks */ = {isa = PBXBuildFile; fileRef = 479968911FD696E900DD3C3A /* RxSwift.framework */; };
		479968941FD696ED00DD3C3A /* SnapKit.framework in Frameworks */ = {isa = PBXBuildFile; fileRef = 479968931FD696ED00DD3C3A /* SnapKit.framework */; };
		47AA17F720EB113B00F2F750 /* KCFloatViewManager.swift in Sources */ = {isa = PBXBuildFile; fileRef = 47AA17F620EB113B00F2F750 /* KCFloatViewManager.swift */; };
		47AA183620EB1BC200F2F750 /* AppDelegate.swift in Sources */ = {isa = PBXBuildFile; fileRef = 47AA183520EB1BC200F2F750 /* AppDelegate.swift */; };
		47AA183820EB1BC200F2F750 /* ViewController.swift in Sources */ = {isa = PBXBuildFile; fileRef = 47AA183720EB1BC200F2F750 /* ViewController.swift */; };
		47AA183B20EB1BC200F2F750 /* Main.storyboard in Resources */ = {isa = PBXBuildFile; fileRef = 47AA183920EB1BC200F2F750 /* Main.storyboard */; };
		47AA183D20EB1BC200F2F750 /* Assets.xcassets in Resources */ = {isa = PBXBuildFile; fileRef = 47AA183C20EB1BC200F2F750 /* Assets.xcassets */; };
		47AA184020EB1BC200F2F750 /* LaunchScreen.storyboard in Resources */ = {isa = PBXBuildFile; fileRef = 47AA183E20EB1BC200F2F750 /* LaunchScreen.storyboard */; };
		47AA184520EB1BD300F2F750 /* KCBlockUIKit.framework in Frameworks */ = {isa = PBXBuildFile; fileRef = 4789B3091F42EFED00B12452 /* KCBlockUIKit.framework */; };
		47EA7E5C1F5CFC2D0079B875 /* KCLoading.swift in Sources */ = {isa = PBXBuildFile; fileRef = 47EA7E591F5CFC2D0079B875 /* KCLoading.swift */; };
		47EA7E5D1F5CFC2D0079B875 /* KCTips.swift in Sources */ = {isa = PBXBuildFile; fileRef = 47EA7E5A1F5CFC2D0079B875 /* KCTips.swift */; };
		47EA7E601F5CFC9A0079B875 /* FuncMacro.swift in Sources */ = {isa = PBXBuildFile; fileRef = 47EA7E5F1F5CFC9A0079B875 /* FuncMacro.swift */; };
/* End PBXBuildFile section */

/* Begin PBXContainerItemProxy section */
		4789B3141F42EFED00B12452 /* PBXContainerItemProxy */ = {
			isa = PBXContainerItemProxy;
			containerPortal = 4789B3001F42EFED00B12452 /* Project object */;
			proxyType = 1;
			remoteGlobalIDString = 4789B3081F42EFED00B12452;
			remoteInfo = KCBlockUIKit;
		};
/* End PBXContainerItemProxy section */

/* Begin PBXFileReference section */
		470978B1201F209D006AE1E7 /* KCLog.swift */ = {isa = PBXFileReference; fileEncoding = 4; lastKnownFileType = sourcecode.swift; path = KCLog.swift; sourceTree = "<group>"; };
		470978B4201F254C006AE1E7 /* KCLogView.swift */ = {isa = PBXFileReference; fileEncoding = 4; lastKnownFileType = sourcecode.swift; path = KCLogView.swift; sourceTree = "<group>"; };
		476347B11F42F06700F041C1 /* KCBlockTableView.swift */ = {isa = PBXFileReference; fileEncoding = 4; lastKnownFileType = sourcecode.swift; path = KCBlockTableView.swift; sourceTree = "<group>"; };
		476347B61F42F0FC00F041C1 /* KCBlockViewController.swift */ = {isa = PBXFileReference; fileEncoding = 4; lastKnownFileType = sourcecode.swift; path = KCBlockViewController.swift; sourceTree = "<group>"; };
		476347B81F42F10400F041C1 /* KCBlockWebViewController.swift */ = {isa = PBXFileReference; fileEncoding = 4; lastKnownFileType = sourcecode.swift; path = KCBlockWebViewController.swift; sourceTree = "<group>"; };
		476347BB1F42F12900F041C1 /* UIViewController_NavAddtion.swift */ = {isa = PBXFileReference; fileEncoding = 4; lastKnownFileType = sourcecode.swift; path = UIViewController_NavAddtion.swift; sourceTree = "<group>"; };
		476347BD1F42F15A00F041C1 /* UIView_Addtion.swift */ = {isa = PBXFileReference; fileEncoding = 4; lastKnownFileType = sourcecode.swift; path = UIView_Addtion.swift; sourceTree = "<group>"; };
		476347BF1F42F1A300F041C1 /* KCBlockTableView_Extension.swift */ = {isa = PBXFileReference; fileEncoding = 4; lastKnownFileType = sourcecode.swift; path = KCBlockTableView_Extension.swift; sourceTree = "<group>"; };
		476347C21F42F1F800F041C1 /* RxBlocking.framework */ = {isa = PBXFileReference; lastKnownFileType = wrapper.framework; name = RxBlocking.framework; path = ../../Carthage/swift3/Carthage/Build/iOS/RxBlocking.framework; sourceTree = "<group>"; };
		476347C31F42F1F800F041C1 /* RxCocoa.framework */ = {isa = PBXFileReference; lastKnownFileType = wrapper.framework; name = RxCocoa.framework; path = ../../Carthage/swift3/Carthage/Build/iOS/RxCocoa.framework; sourceTree = "<group>"; };
		476347C41F42F1F800F041C1 /* RxSwift.framework */ = {isa = PBXFileReference; lastKnownFileType = wrapper.framework; name = RxSwift.framework; path = ../../Carthage/swift3/Carthage/Build/iOS/RxSwift.framework; sourceTree = "<group>"; };
		476347C51F42F1F800F041C1 /* SnapKit.framework */ = {isa = PBXFileReference; lastKnownFileType = wrapper.framework; name = SnapKit.framework; path = ../../Carthage/swift3/Carthage/Build/iOS/SnapKit.framework; sourceTree = "<group>"; };
		476A14A62011F0DB008E4122 /* KCTextViewController.swift */ = {isa = PBXFileReference; lastKnownFileType = sourcecode.swift; path = KCTextViewController.swift; sourceTree = "<group>"; };
		4789B3091F42EFED00B12452 /* KCBlockUIKit.framework */ = {isa = PBXFileReference; explicitFileType = wrapper.framework; includeInIndex = 0; path = KCBlockUIKit.framework; sourceTree = BUILT_PRODUCTS_DIR; };
		4789B30C1F42EFED00B12452 /* KCBlockUIKit.h */ = {isa = PBXFileReference; lastKnownFileType = sourcecode.c.h; path = KCBlockUIKit.h; sourceTree = "<group>"; };
		4789B30D1F42EFED00B12452 /* Info.plist */ = {isa = PBXFileReference; lastKnownFileType = text.plist.xml; path = Info.plist; sourceTree = "<group>"; };
		4789B3121F42EFED00B12452 /* KCBlockUIKitTests.xctest */ = {isa = PBXFileReference; explicitFileType = wrapper.cfbundle; includeInIndex = 0; path = KCBlockUIKitTests.xctest; sourceTree = BUILT_PRODUCTS_DIR; };
		4799688D1FD696E200DD3C3A /* RxBlocking.framework */ = {isa = PBXFileReference; lastKnownFileType = wrapper.framework; name = RxBlocking.framework; path = ../../../Carthage/swift3.2/Carthage/Build/iOS/RxBlocking.framework; sourceTree = "<group>"; };
		4799688F1FD696E600DD3C3A /* RxCocoa.framework */ = {isa = PBXFileReference; lastKnownFileType = wrapper.framework; name = RxCocoa.framework; path = ../../../Carthage/swift3.2/Carthage/Build/iOS/RxCocoa.framework; sourceTree = "<group>"; };
		479968911FD696E900DD3C3A /* RxSwift.framework */ = {isa = PBXFileReference; lastKnownFileType = wrapper.framework; name = RxSwift.framework; path = ../../../Carthage/swift3.2/Carthage/Build/iOS/RxSwift.framework; sourceTree = "<group>"; };
		479968931FD696ED00DD3C3A /* SnapKit.framework */ = {isa = PBXFileReference; lastKnownFileType = wrapper.framework; name = SnapKit.framework; path = ../../../Carthage/swift3.2/Carthage/Build/iOS/SnapKit.framework; sourceTree = "<group>"; };
		47AA17F620EB113B00F2F750 /* KCFloatViewManager.swift */ = {isa = PBXFileReference; lastKnownFileType = sourcecode.swift; path = KCFloatViewManager.swift; sourceTree = "<group>"; };
		47AA183320EB1BC200F2F750 /* Demo.app */ = {isa = PBXFileReference; explicitFileType = wrapper.application; includeInIndex = 0; path = Demo.app; sourceTree = BUILT_PRODUCTS_DIR; };
		47AA183520EB1BC200F2F750 /* AppDelegate.swift */ = {isa = PBXFileReference; lastKnownFileType = sourcecode.swift; path = AppDelegate.swift; sourceTree = "<group>"; };
		47AA183720EB1BC200F2F750 /* ViewController.swift */ = {isa = PBXFileReference; lastKnownFileType = sourcecode.swift; path = ViewController.swift; sourceTree = "<group>"; };
		47AA183A20EB1BC200F2F750 /* Base */ = {isa = PBXFileReference; lastKnownFileType = file.storyboard; name = Base; path = Base.lproj/Main.storyboard; sourceTree = "<group>"; };
		47AA183C20EB1BC200F2F750 /* Assets.xcassets */ = {isa = PBXFileReference; lastKnownFileType = folder.assetcatalog; path = Assets.xcassets; sourceTree = "<group>"; };
		47AA183F20EB1BC200F2F750 /* Base */ = {isa = PBXFileReference; lastKnownFileType = file.storyboard; name = Base; path = Base.lproj/LaunchScreen.storyboard; sourceTree = "<group>"; };
		47AA184120EB1BC200F2F750 /* Info.plist */ = {isa = PBXFileReference; lastKnownFileType = text.plist.xml; path = Info.plist; sourceTree = "<group>"; };
		47EA7E591F5CFC2D0079B875 /* KCLoading.swift */ = {isa = PBXFileReference; fileEncoding = 4; lastKnownFileType = sourcecode.swift; path = KCLoading.swift; sourceTree = "<group>"; };
		47EA7E5A1F5CFC2D0079B875 /* KCTips.swift */ = {isa = PBXFileReference; fileEncoding = 4; lastKnownFileType = sourcecode.swift; path = KCTips.swift; sourceTree = "<group>"; };
		47EA7E5F1F5CFC9A0079B875 /* FuncMacro.swift */ = {isa = PBXFileReference; fileEncoding = 4; lastKnownFileType = sourcecode.swift; path = FuncMacro.swift; sourceTree = "<group>"; };
/* End PBXFileReference section */

/* Begin PBXFrameworksBuildPhase section */
		4789B3051F42EFED00B12452 /* Frameworks */ = {
			isa = PBXFrameworksBuildPhase;
			buildActionMask = 2147483647;
			files = (
				479968941FD696ED00DD3C3A /* SnapKit.framework in Frameworks */,
				4799688E1FD696E200DD3C3A /* RxBlocking.framework in Frameworks */,
				479968901FD696E600DD3C3A /* RxCocoa.framework in Frameworks */,
				479968921FD696E900DD3C3A /* RxSwift.framework in Frameworks */,
			);
			runOnlyForDeploymentPostprocessing = 0;
		};
		4789B30F1F42EFED00B12452 /* Frameworks */ = {
			isa = PBXFrameworksBuildPhase;
			buildActionMask = 2147483647;
			files = (
				4789B3131F42EFED00B12452 /* KCBlockUIKit.framework in Frameworks */,
			);
			runOnlyForDeploymentPostprocessing = 0;
		};
		47AA183020EB1BC200F2F750 /* Frameworks */ = {
			isa = PBXFrameworksBuildPhase;
			buildActionMask = 2147483647;
			files = (
				47AA184520EB1BD300F2F750 /* KCBlockUIKit.framework in Frameworks */,
			);
			runOnlyForDeploymentPostprocessing = 0;
		};
/* End PBXFrameworksBuildPhase section */

/* Begin PBXGroup section */
		470978AF201F2087006AE1E7 /* Log */ = {
			isa = PBXGroup;
			children = (
				470978B4201F254C006AE1E7 /* KCLogView.swift */,
				470978B1201F209D006AE1E7 /* KCLog.swift */,
			);
			name = Log;
			sourceTree = "<group>";
		};
		476347B31F42F0A000F041C1 /* Block */ = {
			isa = PBXGroup;
			children = (
				476347BF1F42F1A300F041C1 /* KCBlockTableView_Extension.swift */,
				476347B81F42F10400F041C1 /* KCBlockWebViewController.swift */,
				476347B61F42F0FC00F041C1 /* KCBlockViewController.swift */,
				476347B11F42F06700F041C1 /* KCBlockTableView.swift */,
				476A14A62011F0DB008E4122 /* KCTextViewController.swift */,
			);
			name = Block;
			sourceTree = "<group>";
		};
		476347BA1F42F11F00F041C1 /* UIKitExtension */ = {
			isa = PBXGroup;
			children = (
				47EA7E5F1F5CFC9A0079B875 /* FuncMacro.swift */,
				47EA7E591F5CFC2D0079B875 /* KCLoading.swift */,
				47EA7E5A1F5CFC2D0079B875 /* KCTips.swift */,
				476347BD1F42F15A00F041C1 /* UIView_Addtion.swift */,
				476347BB1F42F12900F041C1 /* UIViewController_NavAddtion.swift */,
			);
			name = UIKitExtension;
			sourceTree = "<group>";
		};
		476347C11F42F1F800F041C1 /* Frameworks */ = {
			isa = PBXGroup;
			children = (
				479968931FD696ED00DD3C3A /* SnapKit.framework */,
				479968911FD696E900DD3C3A /* RxSwift.framework */,
				4799688F1FD696E600DD3C3A /* RxCocoa.framework */,
				476347C21F42F1F800F041C1 /* RxBlocking.framework */,
				4799688D1FD696E200DD3C3A /* RxBlocking.framework */,
				476347C31F42F1F800F041C1 /* RxCocoa.framework */,
				476347C41F42F1F800F041C1 /* RxSwift.framework */,
				476347C51F42F1F800F041C1 /* SnapKit.framework */,
			);
			name = Frameworks;
			sourceTree = "<group>";
		};
		476347CD1F42F8F400F041C1 /* SimpleComponents */ = {
			isa = PBXGroup;
			children = (
				47AA17F620EB113B00F2F750 /* KCFloatViewManager.swift */,
			);
			name = SimpleComponents;
			sourceTree = "<group>";
		};
		4789B2FF1F42EFED00B12452 = {
			isa = PBXGroup;
			children = (
				4789B30B1F42EFED00B12452 /* KCBlockUIKit */,
				47AA183420EB1BC200F2F750 /* Demo */,
				4789B30A1F42EFED00B12452 /* Products */,
				476347C11F42F1F800F041C1 /* Frameworks */,
			);
			sourceTree = "<group>";
		};
		4789B30A1F42EFED00B12452 /* Products */ = {
			isa = PBXGroup;
			children = (
				4789B3091F42EFED00B12452 /* KCBlockUIKit.framework */,
				4789B3121F42EFED00B12452 /* KCBlockUIKitTests.xctest */,
				47AA183320EB1BC200F2F750 /* Demo.app */,
			);
			name = Products;
			sourceTree = "<group>";
		};
		4789B30B1F42EFED00B12452 /* KCBlockUIKit */ = {
			isa = PBXGroup;
			children = (
				470978AF201F2087006AE1E7 /* Log */,
				476347CD1F42F8F400F041C1 /* SimpleComponents */,
				476347BA1F42F11F00F041C1 /* UIKitExtension */,
				476347B31F42F0A000F041C1 /* Block */,
				4789B30C1F42EFED00B12452 /* KCBlockUIKit.h */,
				4789B30D1F42EFED00B12452 /* Info.plist */,
			);
			path = KCBlockUIKit;
			sourceTree = "<group>";
		};
		47AA183420EB1BC200F2F750 /* Demo */ = {
			isa = PBXGroup;
			children = (
				47AA183520EB1BC200F2F750 /* AppDelegate.swift */,
				47AA183720EB1BC200F2F750 /* ViewController.swift */,
				47AA183920EB1BC200F2F750 /* Main.storyboard */,
				47AA183C20EB1BC200F2F750 /* Assets.xcassets */,
				47AA183E20EB1BC200F2F750 /* LaunchScreen.storyboard */,
				47AA184120EB1BC200F2F750 /* Info.plist */,
			);
			path = Demo;
			sourceTree = "<group>";
		};
/* End PBXGroup section */

/* Begin PBXHeadersBuildPhase section */
		4789B3061F42EFED00B12452 /* Headers */ = {
			isa = PBXHeadersBuildPhase;
			buildActionMask = 2147483647;
			files = (
				4789B31A1F42EFED00B12452 /* KCBlockUIKit.h in Headers */,
			);
			runOnlyForDeploymentPostprocessing = 0;
		};
/* End PBXHeadersBuildPhase section */

/* Begin PBXNativeTarget section */
		4789B3081F42EFED00B12452 /* KCBlockUIKit */ = {
			isa = PBXNativeTarget;
			buildConfigurationList = 4789B31D1F42EFED00B12452 /* Build configuration list for PBXNativeTarget "KCBlockUIKit" */;
			buildPhases = (
				4789B3041F42EFED00B12452 /* Sources */,
				4789B3051F42EFED00B12452 /* Frameworks */,
				4789B3061F42EFED00B12452 /* Headers */,
				4789B3071F42EFED00B12452 /* Resources */,
				476347CA1F42F21400F041C1 /* Run Script */,
			);
			buildRules = (
			);
			dependencies = (
			);
			name = KCBlockUIKit;
			productName = KCBlockUIKit;
			productReference = 4789B3091F42EFED00B12452 /* KCBlockUIKit.framework */;
			productType = "com.apple.product-type.framework";
		};
		4789B3111F42EFED00B12452 /* KCBlockUIKitTests */ = {
			isa = PBXNativeTarget;
			buildConfigurationList = 4789B3201F42EFED00B12452 /* Build configuration list for PBXNativeTarget "KCBlockUIKitTests" */;
			buildPhases = (
				4789B30E1F42EFED00B12452 /* Sources */,
				4789B30F1F42EFED00B12452 /* Frameworks */,
				4789B3101F42EFED00B12452 /* Resources */,
			);
			buildRules = (
			);
			dependencies = (
				4789B3151F42EFED00B12452 /* PBXTargetDependency */,
			);
			name = KCBlockUIKitTests;
			productName = KCBlockUIKitTests;
			productReference = 4789B3121F42EFED00B12452 /* KCBlockUIKitTests.xctest */;
			productType = "com.apple.product-type.bundle.unit-test";
		};
		47AA183220EB1BC200F2F750 /* Demo */ = {
			isa = PBXNativeTarget;
			buildConfigurationList = 47AA184220EB1BC200F2F750 /* Build configuration list for PBXNativeTarget "Demo" */;
			buildPhases = (
				47AA182F20EB1BC200F2F750 /* Sources */,
				47AA183020EB1BC200F2F750 /* Frameworks */,
				47AA183120EB1BC200F2F750 /* Resources */,
				47AA184620EB1D3C00F2F750 /* ShellScript */,
			);
			buildRules = (
			);
			dependencies = (
			);
			name = Demo;
			productName = Demo;
			productReference = 47AA183320EB1BC200F2F750 /* Demo.app */;
			productType = "com.apple.product-type.application";
		};
/* End PBXNativeTarget section */

/* Begin PBXProject section */
		4789B3001F42EFED00B12452 /* Project object */ = {
			isa = PBXProject;
			attributes = {
				LastSwiftUpdateCheck = 0920;
				LastUpgradeCheck = 0830;
				ORGANIZATIONNAME = karsa;
				TargetAttributes = {
					4789B3081F42EFED00B12452 = {
						CreatedOnToolsVersion = 8.3.3;
						LastSwiftMigration = 0830;
						ProvisioningStyle = Automatic;
					};
					4789B3111F42EFED00B12452 = {
						CreatedOnToolsVersion = 8.3.3;
						ProvisioningStyle = Automatic;
					};
					47AA183220EB1BC200F2F750 = {
						CreatedOnToolsVersion = 9.2;
						ProvisioningStyle = Automatic;
					};
				};
			};
			buildConfigurationList = 4789B3031F42EFED00B12452 /* Build configuration list for PBXProject "KCBlockUIKit" */;
			compatibilityVersion = "Xcode 3.2";
			developmentRegion = English;
			hasScannedForEncodings = 0;
			knownRegions = (
				en,
				Base,
			);
			mainGroup = 4789B2FF1F42EFED00B12452;
			productRefGroup = 4789B30A1F42EFED00B12452 /* Products */;
			projectDirPath = "";
			projectRoot = "";
			targets = (
				4789B3081F42EFED00B12452 /* KCBlockUIKit */,
				4789B3111F42EFED00B12452 /* KCBlockUIKitTests */,
				47AA183220EB1BC200F2F750 /* Demo */,
			);
		};
/* End PBXProject section */

/* Begin PBXResourcesBuildPhase section */
		4789B3071F42EFED00B12452 /* Resources */ = {
			isa = PBXResourcesBuildPhase;
			buildActionMask = 2147483647;
			files = (
			);
			runOnlyForDeploymentPostprocessing = 0;
		};
		4789B3101F42EFED00B12452 /* Resources */ = {
			isa = PBXResourcesBuildPhase;
			buildActionMask = 2147483647;
			files = (
			);
			runOnlyForDeploymentPostprocessing = 0;
		};
		47AA183120EB1BC200F2F750 /* Resources */ = {
			isa = PBXResourcesBuildPhase;
			buildActionMask = 2147483647;
			files = (
				47AA184020EB1BC200F2F750 /* LaunchScreen.storyboard in Resources */,
				47AA183D20EB1BC200F2F750 /* Assets.xcassets in Resources */,
				47AA183B20EB1BC200F2F750 /* Main.storyboard in Resources */,
			);
			runOnlyForDeploymentPostprocessing = 0;
		};
/* End PBXResourcesBuildPhase section */

/* Begin PBXShellScriptBuildPhase section */
		476347CA1F42F21400F041C1 /* Run Script */ = {
			isa = PBXShellScriptBuildPhase;
			buildActionMask = 2147483647;
			files = (
			);
			inputPaths = (
			);
			name = "Run Script";
			outputPaths = (
			);
			runOnlyForDeploymentPostprocessing = 0;
			shellPath = /bin/sh;
			shellScript = "/usr/local/bin/carthage copy-frameworks";
		};
		47AA184620EB1D3C00F2F750 /* ShellScript */ = {
			isa = PBXShellScriptBuildPhase;
			buildActionMask = 2147483647;
			files = (
			);
			inputPaths = (
				"~/Carthage/swift3.2/Carthage/Build/iOS/SnapKit.framework",
				"~/Carthage/swift3.2/Carthage/Build/iOS/RxBlocking.framework",
				"~/Carthage/swift3.2/Carthage/Build/iOS/RxCocoa.framework",
				"~/Carthage/swift3.2/Carthage/Build/iOS/RxSwift.framework",
			);
			outputPaths = (
			);
			runOnlyForDeploymentPostprocessing = 0;
			shellPath = /bin/sh;
			shellScript = "/usr/local/bin/carthage copy-frameworks";
		};
/* End PBXShellScriptBuildPhase section */

/* Begin PBXSourcesBuildPhase section */
		4789B3041F42EFED00B12452 /* Sources */ = {
			isa = PBXSourcesBuildPhase;
			buildActionMask = 2147483647;
			files = (
				476347BC1F42F12900F041C1 /* UIViewController_NavAddtion.swift in Sources */,
				47EA7E5D1F5CFC2D0079B875 /* KCTips.swift in Sources */,
				476347B91F42F10400F041C1 /* KCBlockWebViewController.swift in Sources */,
				476347C01F42F1A300F041C1 /* KCBlockTableView_Extension.swift in Sources */,
				47EA7E5C1F5CFC2D0079B875 /* KCLoading.swift in Sources */,
				470978B5201F254C006AE1E7 /* KCLogView.swift in Sources */,
				476347B21F42F06700F041C1 /* KCBlockTableView.swift in Sources */,
				47EA7E601F5CFC9A0079B875 /* FuncMacro.swift in Sources */,
				476A14A72011F0DB008E4122 /* KCTextViewController.swift in Sources */,
				47AA17F720EB113B00F2F750 /* KCFloatViewManager.swift in Sources */,
				476347BE1F42F15A00F041C1 /* UIView_Addtion.swift in Sources */,
				470978B3201F209D006AE1E7 /* KCLog.swift in Sources */,
				476347B71F42F0FC00F041C1 /* KCBlockViewController.swift in Sources */,
			);
			runOnlyForDeploymentPostprocessing = 0;
		};
		4789B30E1F42EFED00B12452 /* Sources */ = {
			isa = PBXSourcesBuildPhase;
			buildActionMask = 2147483647;
			files = (
			);
			runOnlyForDeploymentPostprocessing = 0;
		};
		47AA182F20EB1BC200F2F750 /* Sources */ = {
			isa = PBXSourcesBuildPhase;
			buildActionMask = 2147483647;
			files = (
				47AA183820EB1BC200F2F750 /* ViewController.swift in Sources */,
				47AA183620EB1BC200F2F750 /* AppDelegate.swift in Sources */,
			);
			runOnlyForDeploymentPostprocessing = 0;
		};
/* End PBXSourcesBuildPhase section */

/* Begin PBXTargetDependency section */
		4789B3151F42EFED00B12452 /* PBXTargetDependency */ = {
			isa = PBXTargetDependency;
			target = 4789B3081F42EFED00B12452 /* KCBlockUIKit */;
			targetProxy = 4789B3141F42EFED00B12452 /* PBXContainerItemProxy */;
		};
/* End PBXTargetDependency section */

/* Begin PBXVariantGroup section */
		47AA183920EB1BC200F2F750 /* Main.storyboard */ = {
			isa = PBXVariantGroup;
			children = (
				47AA183A20EB1BC200F2F750 /* Base */,
			);
			name = Main.storyboard;
			sourceTree = "<group>";
		};
		47AA183E20EB1BC200F2F750 /* LaunchScreen.storyboard */ = {
			isa = PBXVariantGroup;
			children = (
				47AA183F20EB1BC200F2F750 /* Base */,
			);
			name = LaunchScreen.storyboard;
			sourceTree = "<group>";
		};
/* End PBXVariantGroup section */

/* Begin XCBuildConfiguration section */
		4789B31B1F42EFED00B12452 /* Debug */ = {
			isa = XCBuildConfiguration;
			buildSettings = {
				ALWAYS_SEARCH_USER_PATHS = NO;
				CLANG_ANALYZER_NONNULL = YES;
				CLANG_ANALYZER_NUMBER_OBJECT_CONVERSION = YES_AGGRESSIVE;
				CLANG_CXX_LANGUAGE_STANDARD = "gnu++0x";
				CLANG_CXX_LIBRARY = "libc++";
				CLANG_ENABLE_MODULES = YES;
				CLANG_ENABLE_OBJC_ARC = YES;
				CLANG_WARN_BOOL_CONVERSION = YES;
				CLANG_WARN_CONSTANT_CONVERSION = YES;
				CLANG_WARN_DIRECT_OBJC_ISA_USAGE = YES_ERROR;
				CLANG_WARN_DOCUMENTATION_COMMENTS = YES;
				CLANG_WARN_EMPTY_BODY = YES;
				CLANG_WARN_ENUM_CONVERSION = YES;
				CLANG_WARN_INFINITE_RECURSION = YES;
				CLANG_WARN_INT_CONVERSION = YES;
				CLANG_WARN_OBJC_ROOT_CLASS = YES_ERROR;
				CLANG_WARN_SUSPICIOUS_MOVE = YES;
				CLANG_WARN_UNREACHABLE_CODE = YES;
				CLANG_WARN__DUPLICATE_METHOD_MATCH = YES;
				"CODE_SIGN_IDENTITY[sdk=iphoneos*]" = "iPhone Developer";
				COPY_PHASE_STRIP = NO;
				CURRENT_PROJECT_VERSION = 1;
				DEBUG_INFORMATION_FORMAT = dwarf;
				ENABLE_STRICT_OBJC_MSGSEND = YES;
				ENABLE_TESTABILITY = YES;
				GCC_C_LANGUAGE_STANDARD = gnu99;
				GCC_DYNAMIC_NO_PIC = NO;
				GCC_NO_COMMON_BLOCKS = YES;
				GCC_OPTIMIZATION_LEVEL = 0;
				GCC_PREPROCESSOR_DEFINITIONS = (
					"DEBUG=1",
					"$(inherited)",
				);
				GCC_WARN_64_TO_32_BIT_CONVERSION = YES;
				GCC_WARN_ABOUT_RETURN_TYPE = YES_ERROR;
				GCC_WARN_UNDECLARED_SELECTOR = YES;
				GCC_WARN_UNINITIALIZED_AUTOS = YES_AGGRESSIVE;
				GCC_WARN_UNUSED_FUNCTION = YES;
				GCC_WARN_UNUSED_VARIABLE = YES;
				IPHONEOS_DEPLOYMENT_TARGET = 10.3;
				MTL_ENABLE_DEBUG_INFO = YES;
				ONLY_ACTIVE_ARCH = YES;
				SDKROOT = iphoneos;
				SWIFT_ACTIVE_COMPILATION_CONDITIONS = DEBUG;
				SWIFT_OPTIMIZATION_LEVEL = "-Onone";
				TARGETED_DEVICE_FAMILY = "1,2";
				VERSIONING_SYSTEM = "apple-generic";
				VERSION_INFO_PREFIX = "";
			};
			name = Debug;
		};
		4789B31C1F42EFED00B12452 /* Release */ = {
			isa = XCBuildConfiguration;
			buildSettings = {
				ALWAYS_SEARCH_USER_PATHS = NO;
				CLANG_ANALYZER_NONNULL = YES;
				CLANG_ANALYZER_NUMBER_OBJECT_CONVERSION = YES_AGGRESSIVE;
				CLANG_CXX_LANGUAGE_STANDARD = "gnu++0x";
				CLANG_CXX_LIBRARY = "libc++";
				CLANG_ENABLE_MODULES = YES;
				CLANG_ENABLE_OBJC_ARC = YES;
				CLANG_WARN_BOOL_CONVERSION = YES;
				CLANG_WARN_CONSTANT_CONVERSION = YES;
				CLANG_WARN_DIRECT_OBJC_ISA_USAGE = YES_ERROR;
				CLANG_WARN_DOCUMENTATION_COMMENTS = YES;
				CLANG_WARN_EMPTY_BODY = YES;
				CLANG_WARN_ENUM_CONVERSION = YES;
				CLANG_WARN_INFINITE_RECURSION = YES;
				CLANG_WARN_INT_CONVERSION = YES;
				CLANG_WARN_OBJC_ROOT_CLASS = YES_ERROR;
				CLANG_WARN_SUSPICIOUS_MOVE = YES;
				CLANG_WARN_UNREACHABLE_CODE = YES;
				CLANG_WARN__DUPLICATE_METHOD_MATCH = YES;
				"CODE_SIGN_IDENTITY[sdk=iphoneos*]" = "iPhone Developer";
				COPY_PHASE_STRIP = NO;
				CURRENT_PROJECT_VERSION = 1;
				DEBUG_INFORMATION_FORMAT = "dwarf-with-dsym";
				ENABLE_NS_ASSERTIONS = NO;
				ENABLE_STRICT_OBJC_MSGSEND = YES;
				GCC_C_LANGUAGE_STANDARD = gnu99;
				GCC_NO_COMMON_BLOCKS = YES;
				GCC_WARN_64_TO_32_BIT_CONVERSION = YES;
				GCC_WARN_ABOUT_RETURN_TYPE = YES_ERROR;
				GCC_WARN_UNDECLARED_SELECTOR = YES;
				GCC_WARN_UNINITIALIZED_AUTOS = YES_AGGRESSIVE;
				GCC_WARN_UNUSED_FUNCTION = YES;
				GCC_WARN_UNUSED_VARIABLE = YES;
				IPHONEOS_DEPLOYMENT_TARGET = 10.3;
				MTL_ENABLE_DEBUG_INFO = NO;
				SDKROOT = iphoneos;
				SWIFT_OPTIMIZATION_LEVEL = "-Owholemodule";
				TARGETED_DEVICE_FAMILY = "1,2";
				VALIDATE_PRODUCT = YES;
				VERSIONING_SYSTEM = "apple-generic";
				VERSION_INFO_PREFIX = "";
			};
			name = Release;
		};
		4789B31E1F42EFED00B12452 /* Debug */ = {
			isa = XCBuildConfiguration;
			buildSettings = {
				CLANG_ENABLE_MODULES = YES;
				CODE_SIGN_IDENTITY = "";
				DEFINES_MODULE = YES;
				DYLIB_COMPATIBILITY_VERSION = 1;
				DYLIB_CURRENT_VERSION = 1;
				DYLIB_INSTALL_NAME_BASE = "@rpath";
				FRAMEWORK_SEARCH_PATHS = "~/Carthage/swift3.2/Carthage/Build/iOS/";
				INFOPLIST_FILE = KCBlockUIKit/Info.plist;
				INSTALL_PATH = "$(LOCAL_LIBRARY_DIR)/Frameworks";
				IPHONEOS_DEPLOYMENT_TARGET = 8.0;
				LD_RUNPATH_SEARCH_PATHS = "$(inherited) @executable_path/Frameworks @loader_path/Frameworks";
				PRODUCT_BUNDLE_IDENTIFIER = f.k.KCBlockUIKit;
				PRODUCT_NAME = "$(TARGET_NAME)";
				SKIP_INSTALL = YES;
				SWIFT_OPTIMIZATION_LEVEL = "-Onone";
				SWIFT_VERSION = 3.0;
			};
			name = Debug;
		};
		4789B31F1F42EFED00B12452 /* Release */ = {
			isa = XCBuildConfiguration;
			buildSettings = {
				CLANG_ENABLE_MODULES = YES;
				CODE_SIGN_IDENTITY = "";
				DEFINES_MODULE = YES;
				DYLIB_COMPATIBILITY_VERSION = 1;
				DYLIB_CURRENT_VERSION = 1;
				DYLIB_INSTALL_NAME_BASE = "@rpath";
				FRAMEWORK_SEARCH_PATHS = "~/Carthage/swift3.2/Carthage/Build/iOS/";
				INFOPLIST_FILE = KCBlockUIKit/Info.plist;
				INSTALL_PATH = "$(LOCAL_LIBRARY_DIR)/Frameworks";
				IPHONEOS_DEPLOYMENT_TARGET = 8.0;
				LD_RUNPATH_SEARCH_PATHS = "$(inherited) @executable_path/Frameworks @loader_path/Frameworks";
				PRODUCT_BUNDLE_IDENTIFIER = f.k.KCBlockUIKit;
				PRODUCT_NAME = "$(TARGET_NAME)";
				SKIP_INSTALL = YES;
				SWIFT_VERSION = 3.0;
			};
			name = Release;
		};
		4789B3211F42EFED00B12452 /* Debug */ = {
			isa = XCBuildConfiguration;
			buildSettings = {
				ALWAYS_EMBED_SWIFT_STANDARD_LIBRARIES = YES;
				INFOPLIST_FILE = KCBlockUIKitTests/Info.plist;
				LD_RUNPATH_SEARCH_PATHS = "$(inherited) @executable_path/Frameworks @loader_path/Frameworks";
				PRODUCT_BUNDLE_IDENTIFIER = f.k.KCBlockUIKitTests;
				PRODUCT_NAME = "$(TARGET_NAME)";
				SWIFT_VERSION = 3.0;
			};
			name = Debug;
		};
		4789B3221F42EFED00B12452 /* Release */ = {
			isa = XCBuildConfiguration;
			buildSettings = {
				ALWAYS_EMBED_SWIFT_STANDARD_LIBRARIES = YES;
				INFOPLIST_FILE = KCBlockUIKitTests/Info.plist;
				LD_RUNPATH_SEARCH_PATHS = "$(inherited) @executable_path/Frameworks @loader_path/Frameworks";
				PRODUCT_BUNDLE_IDENTIFIER = f.k.KCBlockUIKitTests;
				PRODUCT_NAME = "$(TARGET_NAME)";
				SWIFT_VERSION = 3.0;
			};
			name = Release;
		};
		47AA184320EB1BC200F2F750 /* Debug */ = {
			isa = XCBuildConfiguration;
			buildSettings = {
				ASSETCATALOG_COMPILER_APPICON_NAME = AppIcon;
				CLANG_CXX_LANGUAGE_STANDARD = "gnu++14";
				CLANG_WARN_BLOCK_CAPTURE_AUTORELEASING = YES;
				CLANG_WARN_COMMA = YES;
				CLANG_WARN_NON_LITERAL_NULL_CONVERSION = YES;
				CLANG_WARN_OBJC_LITERAL_CONVERSION = YES;
				CLANG_WARN_RANGE_LOOP_ANALYSIS = YES;
				CLANG_WARN_STRICT_PROTOTYPES = YES;
				CLANG_WARN_UNGUARDED_AVAILABILITY = YES_AGGRESSIVE;
				CODE_SIGN_IDENTITY = "iPhone Developer";
				CODE_SIGN_STYLE = Automatic;
				FRAMEWORK_SEARCH_PATHS = "~/Carthage/swift3.2/Carthage/Build/iOS/";
				GCC_C_LANGUAGE_STANDARD = gnu11;
				INFOPLIST_FILE = Demo/Info.plist;
				IPHONEOS_DEPLOYMENT_TARGET = 9.0;
				LD_RUNPATH_SEARCH_PATHS = "$(inherited) @executable_path/Frameworks";
				PRODUCT_BUNDLE_IDENTIFIER = yunzhiyuan.Demo;
				PRODUCT_NAME = "$(TARGET_NAME)";
				SWIFT_VERSION = 4.0;
				TARGETED_DEVICE_FAMILY = "1,2";
			};
			name = Debug;
		};
		47AA184420EB1BC200F2F750 /* Release */ = {
			isa = XCBuildConfiguration;
			buildSettings = {
				ASSETCATALOG_COMPILER_APPICON_NAME = AppIcon;
				CLANG_CXX_LANGUAGE_STANDARD = "gnu++14";
				CLANG_WARN_BLOCK_CAPTURE_AUTORELEASING = YES;
				CLANG_WARN_COMMA = YES;
				CLANG_WARN_NON_LITERAL_NULL_CONVERSION = YES;
				CLANG_WARN_OBJC_LITERAL_CONVERSION = YES;
				CLANG_WARN_RANGE_LOOP_ANALYSIS = YES;
				CLANG_WARN_STRICT_PROTOTYPES = YES;
				CLANG_WARN_UNGUARDED_AVAILABILITY = YES_AGGRESSIVE;
				CODE_SIGN_IDENTITY = "iPhone Developer";
				CODE_SIGN_STYLE = Automatic;
				FRAMEWORK_SEARCH_PATHS = "~/Carthage/swift3.2/Carthage/Build/iOS/";
				GCC_C_LANGUAGE_STANDARD = gnu11;
				INFOPLIST_FILE = Demo/Info.plist;
				IPHONEOS_DEPLOYMENT_TARGET = 9.0;
				LD_RUNPATH_SEARCH_PATHS = "$(inherited) @executable_path/Frameworks";
				PRODUCT_BUNDLE_IDENTIFIER = yunzhiyuan.Demo;
				PRODUCT_NAME = "$(TARGET_NAME)";
				SWIFT_VERSION = 4.0;
				TARGETED_DEVICE_FAMILY = "1,2";
			};
			name = Release;
		};
/* End XCBuildConfiguration section */

/* Begin XCConfigurationList section */
		4789B3031F42EFED00B12452 /* Build configuration list for PBXProject "KCBlockUIKit" */ = {
			isa = XCConfigurationList;
			buildConfigurations = (
				4789B31B1F42EFED00B12452 /* Debug */,
				4789B31C1F42EFED00B12452 /* Release */,
			);
			defaultConfigurationIsVisible = 0;
			defaultConfigurationName = Release;
		};
		4789B31D1F42EFED00B12452 /* Build configuration list for PBXNativeTarget "KCBlockUIKit" */ = {
			isa = XCConfigurationList;
			buildConfigurations = (
				4789B31E1F42EFED00B12452 /* Debug */,
				4789B31F1F42EFED00B12452 /* Release */,
			);
			defaultConfigurationIsVisible = 0;
			defaultConfigurationName = Release;
		};
		4789B3201F42EFED00B12452 /* Build configuration list for PBXNativeTarget "KCBlockUIKitTests" */ = {
			isa = XCConfigurationList;
			buildConfigurations = (
				4789B3211F42EFED00B12452 /* Debug */,
				4789B3221F42EFED00B12452 /* Release */,
			);
			defaultConfigurationIsVisible = 0;
			defaultConfigurationName = Release;
		};
		47AA184220EB1BC200F2F750 /* Build configuration list for PBXNativeTarget "Demo" */ = {
			isa = XCConfigurationList;
			buildConfigurations = (
				47AA184320EB1BC200F2F750 /* Debug */,
				47AA184420EB1BC200F2F750 /* Release */,
			);
			defaultConfigurationIsVisible = 0;
			defaultConfigurationName = Release;
		};
/* End XCConfigurationList section */
	};
	rootObject = 4789B3001F42EFED00B12452 /* Project object */;
}
